
Microsoft Visual Studio Solution File, Format Version 12.00
# Visual Studio Version 17
VisualStudioVersion = 17.11.35327.3
MinimumVisualStudioVersion = 10.0.40219.1
Project("{FAE04EC0-301F-11D3-BF4B-00C04F79EFBC}") = "WatchStor", "WatchStor\WatchStor.csproj", "{BE5A710F-BBB7-4866-9B3A-7C01033BAEAB}"
EndProject
Project("{FAE04EC0-301F-11D3-BF4B-00C04F79EFBC}") = "WatchStor.Models", "WatchStor.Models\WatchStor.Models.csproj", "{B3218187-F3F1-4F57-B777-0103137D8B90}"
EndProject
Project("{FAE04EC0-301F-11D3-BF4B-00C04F79EFBC}") = "WatchStor.Data", "WatchStor.Data\WatchStor.Data.csproj", "{922B5251-9FEE-4C95-B1A4-0BDC1A5F1ECD}"
EndProject
Global
	GlobalSection(SolutionConfigurationPlatforms) = preSolution
		Debug|Any CPU = Debug|Any CPU
		Release|Any CPU = Release|Any CPU
	EndGlobalSection
	GlobalSection(ProjectConfigurationPlatforms) = postSolution
		{BE5A710F-BBB7-4866-9B3A-7C01033BAEAB}.Debug|Any CPU.ActiveCfg = Debug|Any CPU
		{BE5A710F-BBB7-4866-9B3A-7C01033BAEAB}.Debug|Any CPU.Build.0 = Debug|Any CPU
		{BE5A710F-BBB7-4866-9B3A-7C01033BAEAB}.Release|Any CPU.ActiveCfg = Release|Any CPU
		{BE5A710F-BBB7-4866-9B3A-7C01033BAEAB}.Release|Any CPU.Build.0 = Release|Any CPU
		{B3218187-F3F1-4F57-B777-0103137D8B90}.Debug|Any CPU.ActiveCfg = Debug|Any CPU
		{B3218187-F3F1-4F57-B777-0103137D8B90}.Debug|Any CPU.Build.0 = Debug|Any CPU
		{B3218187-F3F1-4F57-B777-0103137D8B90}.Release|Any CPU.ActiveCfg = Release|Any CPU
		{B3218187-F3F1-4F57-B777-0103137D8B90}.Release|Any CPU.Build.0 = Release|Any CPU
		{922B5251-9FEE-4C95-B1A4-0BDC1A5F1ECD}.Debug|Any CPU.ActiveCfg = Debug|Any CPU
		{922B5251-9FEE-4C95-B1A4-0BDC1A5F1ECD}.Debug|Any CPU.Build.0 = Debug|Any CPU
		{922B5251-9FEE-4C95-B1A4-0BDC1A5F1ECD}.Release|Any CPU.ActiveCfg = Release|Any CPU
		{922B5251-9FEE-4C95-B1A4-0BDC1A5F1ECD}.Release|Any CPU.Build.0 = Release|Any CPU
	EndGlobalSection
	GlobalSection(SolutionProperties) = preSolution
		HideSolutionNode = FALSE
	EndGlobalSection
	GlobalSection(ExtensibilityGlobals) = postSolution
		SolutionGuid = {835DAC82-552F-44A1-AE01-F487373EC814}
	EndGlobalSection
EndGlobal
